
Microsoft Visual Studio Solution File, Format Version 12.00
# Visual Studio Version 16
VisualStudioVersion = 16.0.31410.357
MinimumVisualStudioVersion = 10.0.40219.1
Project("{FAE04EC0-301F-11D3-BF4B-00C04F79EFBC}") = "MvcTaskManager", "MvcTaskManager\MvcTaskManager.csproj", "{6940B22D-2C3C-46BF-A95B-3E5F15E96AD1}"
EndProject
Project("{FAE04EC0-301F-11D3-BF4B-00C04F79EFBC}") = "TaskManagerWeb", "TaskManagerWeb\TaskManagerWeb.csproj", "{6CA26263-EA4A-4FFA-9184-AD095EE69E44}"
EndProject
Global
	GlobalSection(SolutionConfigurationPlatforms) = preSolution
		Debug|Any CPU = Debug|Any CPU
		Release|Any CPU = Release|Any CPU
	EndGlobalSection
	GlobalSection(ProjectConfigurationPlatforms) = postSolution
		{6940B22D-2C3C-46BF-A95B-3E5F15E96AD1}.Debug|Any CPU.ActiveCfg = Debug|Any CPU
		{6940B22D-2C3C-46BF-A95B-3E5F15E96AD1}.Debug|Any CPU.Build.0 = Debug|Any CPU
		{6940B22D-2C3C-46BF-A95B-3E5F15E96AD1}.Release|Any CPU.ActiveCfg = Release|Any CPU
		{6940B22D-2C3C-46BF-A95B-3E5F15E96AD1}.Release|Any CPU.Build.0 = Release|Any CPU
		{6CA26263-EA4A-4FFA-9184-AD095EE69E44}.Debug|Any CPU.ActiveCfg = Debug|Any CPU
		{6CA26263-EA4A-4FFA-9184-AD095EE69E44}.Debug|Any CPU.Build.0 = Debug|Any CPU
		{6CA26263-EA4A-4FFA-9184-AD095EE69E44}.Release|Any CPU.ActiveCfg = Release|Any CPU
		{6CA26263-EA4A-4FFA-9184-AD095EE69E44}.Release|Any CPU.Build.0 = Release|Any CPU
	EndGlobalSection
	GlobalSection(SolutionProperties) = preSolution
		HideSolutionNode = FALSE
	EndGlobalSection
	GlobalSection(ExtensibilityGlobals) = postSolution
		SolutionGuid = {1514B824-7CB1-40C6-AF51-BDB24F368391}
	EndGlobalSection
EndGlobal
